
Microsoft Visual Studio Solution File, Format Version 12.00
# Visual Studio Version 16
VisualStudioVersion = 16.0.32002.261
MinimumVisualStudioVersion = 10.0.40219.1
Project("{FAE04EC0-301F-11D3-BF4B-00C04F79EFBC}") = "TPCattaneoEspindolaCeschiOviedo", "TPCattaneoEspindolaCeschiOviedo.csproj", "{E85AA17E-35DF-46A4-83C3-632D96279CAF}"
EndProject
Global
	GlobalSection(SolutionConfigurationPlatforms) = preSolution
		Debug|Any CPU = Debug|Any CPU
		Release|Any CPU = Release|Any CPU
	EndGlobalSection
	GlobalSection(ProjectConfigurationPlatforms) = postSolution
		{E85AA17E-35DF-46A4-83C3-632D96279CAF}.Debug|Any CPU.ActiveCfg = Debug|Any CPU
		{E85AA17E-35DF-46A4-83C3-632D96279CAF}.Debug|Any CPU.Build.0 = Debug|Any CPU
		{E85AA17E-35DF-46A4-83C3-632D96279CAF}.Release|Any CPU.ActiveCfg = Release|Any CPU
		{E85AA17E-35DF-46A4-83C3-632D96279CAF}.Release|Any CPU.Build.0 = Release|Any CPU
	EndGlobalSection
	GlobalSection(SolutionProperties) = preSolution
		HideSolutionNode = FALSE
	EndGlobalSection
	GlobalSection(ExtensibilityGlobals) = postSolution
		SolutionGuid = {B4C3E33B-16C4-4DFD-A9CD-3B3B9E1EFD16}
	EndGlobalSection
EndGlobal
